<?xml version="1.0" encoding="utf-8"?>
<Project ToolsVersion="4.0" xmlns="http://schemas.microsoft.com/developer/msbuild/2003">
  <ItemGroup>
    <Filter Include="소스 파일">
      <UniqueIdentifier>{4FC737F1-C7A5-4376-A066-2A32D752A2FF}</UniqueIdentifier>
      <Extensions>cpp;c;cc;cxx;def;odl;idl;hpj;bat;asm;asmx</Extensions>
    </Filter>
    <Filter Include="헤더 파일">
      <UniqueIdentifier>{93995380-89BD-4b04-88EB-625FBE52EBFB}</UniqueIdentifier>
      <Extensions>h;hh;hpp;hxx;hm;inl;inc;xsd</Extensions>
    </Filter>
    <Filter Include="리소스 파일">
      <UniqueIdentifier>{67DA6AB6-F800-4c08-8B7A-83BB121AAD01}</UniqueIdentifier>
      <Extensions>rc;ico;cur;bmp;dlg;rc2;rct;bin;rgs;gif;jpg;jpeg;jpe;resx;tiff;tif;png;wav;mfcribbon-ms</Extensions>
    </Filter>
  </ItemGroup>
  <ItemGroup>
    <Text Include="ReadMe.txt" />
  </ItemGroup>
  <ItemGroup>
    <ClInclude Include="MFCGUIDrawing.h">
      <Filter>헤더 파일</Filter>
    </ClInclude>
    <ClInclude Include="stdafx.h">
      <Filter>헤더 파일</Filter>
    </ClInclude>
    <ClInclude Include="targetver.h">
      <Filter>헤더 파일</Filter>
    </ClInclude>
    <ClInclude Include="MainFrm.h">
      <Filter>헤더 파일</Filter>
    </ClInclude>
    <ClInclude Include="MFCGUIDrawingDoc.h">
      <Filter>헤더 파일</Filter>
    </ClInclude>
    <ClInclude Include="MFCGUIDrawingView.h">
      <Filter>헤더 파일</Filter>
    </ClInclude>
    <ClInclude Include="Resource.h">
      <Filter>헤더 파일</Filter>
    </ClInclude>
    <ClInclude Include="PropertiesWnd.h">
      <Filter>헤더 파일</Filter>
    </ClInclude>
    <ClInclude Include="BoardFigure.h">
      <Filter>헤더 파일</Filter>
    </ClInclude>
    <ClInclude Include="Polyline.h">
      <Filter>헤더 파일</Filter>
    </ClInclude>
    <ClInclude Include="Pt.h">
      <Filter>헤더 파일</Filter>
    </ClInclude>
    <ClInclude Include="Polygon.h">
      <Filter>헤더 파일</Filter>
    </ClInclude>
    <ClInclude Include="LibVia.h">
      <Filter>헤더 파일</Filter>
    </ClInclude>
    <ClInclude Include="ViaDefinition.h">
      <Filter>헤더 파일</Filter>
    </ClInclude>
    <ClInclude Include="Text.h">
      <Filter>헤더 파일</Filter>
    </ClInclude>
    <ClInclude Include="StackUp.h">
      <Filter>헤더 파일</Filter>
    </ClInclude>
    <ClInclude Include="Board.h">
      <Filter>헤더 파일</Filter>
    </ClInclude>
    <ClInclude Include="Route.h">
      <Filter>헤더 파일</Filter>
    </ClInclude>
    <ClInclude Include="RNET.h">
      <Filter>헤더 파일</Filter>
    </ClInclude>
    <ClInclude Include="Ref.h">
      <Filter>헤더 파일</Filter>
    </ClInclude>
    <ClInclude Include="ReferenceList.h">
      <Filter>헤더 파일</Filter>
    </ClInclude>
    <ClInclude Include="PinDefinition.h">
      <Filter>헤더 파일</Filter>
    </ClInclude>
    <ClInclude Include="Propertys.h">
      <Filter>헤더 파일</Filter>
    </ClInclude>
    <ClInclude Include="PinConnection.h">
      <Filter>헤더 파일</Filter>
    </ClInclude>
    <ClInclude Include="PinConnectionStatus.h">
      <Filter>헤더 파일</Filter>
    </ClInclude>
    <ClInclude Include="Part.h">
      <Filter>헤더 파일</Filter>
    </ClInclude>
    <ClInclude Include="NetListNet.h">
      <Filter>헤더 파일</Filter>
    </ClInclude>
    <ClInclude Include="NetRef.h">
      <Filter>헤더 파일</Filter>
    </ClInclude>
    <ClInclude Include="NetList.h">
      <Filter>헤더 파일</Filter>
    </ClInclude>
    <ClInclude Include="NetBusGroupList.h">
      <Filter>헤더 파일</Filter>
    </ClInclude>
    <ClInclude Include="NetIndex.h">
      <Filter>헤더 파일</Filter>
    </ClInclude>
    <ClInclude Include="NetClassList.h">
      <Filter>헤더 파일</Filter>
    </ClInclude>
    <ClInclude Include="NetListRefdesList.h">
      <Filter>헤더 파일</Filter>
    </ClInclude>
    <ClInclude Include="naStrobedNetIndex.h">
      <Filter>헤더 파일</Filter>
    </ClInclude>
    <ClInclude Include="NetBusGroup.h">
      <Filter>헤더 파일</Filter>
    </ClInclude>
    <ClInclude Include="Tur.h">
      <Filter>헤더 파일</Filter>
    </ClInclude>
    <ClInclude Include="LibText.h">
      <Filter>헤더 파일</Filter>
    </ClInclude>
    <ClInclude Include="LibTurret.h">
      <Filter>헤더 파일</Filter>
    </ClInclude>
    <ClInclude Include="LibTextText.h">
      <Filter>헤더 파일</Filter>
    </ClInclude>
    <ClInclude Include="PadDefinition.h">
      <Filter>헤더 파일</Filter>
    </ClInclude>
    <ClInclude Include="LibPadStack.h">
      <Filter>헤더 파일</Filter>
    </ClInclude>
    <ClInclude Include="Material.h">
      <Filter>헤더 파일</Filter>
    </ClInclude>
    <ClInclude Include="LibMaterial.h">
      <Filter>헤더 파일</Filter>
    </ClInclude>
    <ClInclude Include="LibComponent.h">
      <Filter>헤더 파일</Filter>
    </ClInclude>
    <ClInclude Include="LayerTypeName.h">
      <Filter>헤더 파일</Filter>
    </ClInclude>
    <ClInclude Include="Gerber.h">
      <Filter>헤더 파일</Filter>
    </ClInclude>
    <ClInclude Include="Lay.h">
      <Filter>헤더 파일</Filter>
    </ClInclude>
    <ClInclude Include="LibLayer.h">
      <Filter>헤더 파일</Filter>
    </ClInclude>
    <ClInclude Include="GLayer.h">
      <Filter>헤더 파일</Filter>
    </ClInclude>
    <ClInclude Include="ConnectionType.h">
      <Filter>헤더 파일</Filter>
    </ClInclude>
    <ClInclude Include="ConnectInfo.h">
      <Filter>헤더 파일</Filter>
    </ClInclude>
    <ClInclude Include="CompositeNetCNet.h">
      <Filter>헤더 파일</Filter>
    </ClInclude>
    <ClInclude Include="CompositeNet.h">
      <Filter>헤더 파일</Filter>
    </ClInclude>
    <ClInclude Include="Copper.h">
      <Filter>헤더 파일</Filter>
    </ClInclude>
    <ClInclude Include="FigureDefinition.h">
      <Filter>헤더 파일</Filter>
    </ClInclude>
    <ClInclude Include="SilkScreenDefinition.h">
      <Filter>헤더 파일</Filter>
    </ClInclude>
    <ClInclude Include="DrawObj.h">
      <Filter>헤더 파일</Filter>
    </ClInclude>
    <ClInclude Include="Subboard.h">
      <Filter>헤더 파일</Filter>
    </ClInclude>
    <ClInclude Include="Void.h">
      <Filter>헤더 파일</Filter>
    </ClInclude>
    <ClInclude Include="RefText2.h">
      <Filter>헤더 파일</Filter>
    </ClInclude>
    <ClInclude Include="BoardOutline.h">
      <Filter>헤더 파일</Filter>
    </ClInclude>
    <ClInclude Include="LocalShape.h">
      <Filter>헤더 파일</Filter>
    </ClInclude>
    <ClInclude Include="Panel.h">
      <Filter>헤더 파일</Filter>
    </ClInclude>
    <ClInclude Include="Dimension.h">
      <Filter>헤더 파일</Filter>
    </ClInclude>
    <ClInclude Include="Teardrop.h">
      <Filter>헤더 파일</Filter>
    </ClInclude>
    <ClInclude Include="Via.h">
      <Filter>헤더 파일</Filter>
    </ClInclude>
    <ClInclude Include="Unitscale.h">
      <Filter>헤더 파일</Filter>
    </ClInclude>
    <ClInclude Include="Unit.h">
      <Filter>헤더 파일</Filter>
    </ClInclude>
    <ClInclude Include="SymbolDefinition.h">
      <Filter>헤더 파일</Filter>
    </ClInclude>
    <ClInclude Include="RefText.h">
      <Filter>헤더 파일</Filter>
    </ClInclude>
    <ClInclude Include="PolliwogDatabase.h">
      <Filter>헤더 파일</Filter>
    </ClInclude>
    <ClInclude Include="PinNumber.h">
      <Filter>헤더 파일</Filter>
    </ClInclude>
    <ClInclude Include="PenType.h">
      <Filter>헤더 파일</Filter>
    </ClInclude>
    <ClInclude Include="Pdb.h">
      <Filter>헤더 파일</Filter>
    </ClInclude>
    <ClInclude Include="PadStack.h">
      <Filter>헤더 파일</Filter>
    </ClInclude>
    <ClInclude Include="PadColor.h">
      <Filter>헤더 파일</Filter>
    </ClInclude>
    <ClInclude Include="NetType.h">
      <Filter>헤더 파일</Filter>
    </ClInclude>
    <ClInclude Include="NetStatus.h">
      <Filter>헤더 파일</Filter>
    </ClInclude>
    <ClInclude Include="NetListElectricConstraints.h">
      <Filter>헤더 파일</Filter>
    </ClInclude>
    <ClInclude Include="NetElectricConstraints.h">
      <Filter>헤더 파일</Filter>
    </ClInclude>
    <ClInclude Include="MPNNameDefinition.h">
      <Filter>헤더 파일</Filter>
    </ClInclude>
    <ClInclude Include="NameDefinition.h">
      <Filter>헤더 파일</Filter>
    </ClInclude>
    <ClInclude Include="Line.h">
      <Filter>헤더 파일</Filter>
    </ClInclude>
    <ClInclude Include="LibRaryPartPath.h">
      <Filter>헤더 파일</Filter>
    </ClInclude>
    <ClInclude Include="LayerUnion.h">
      <Filter>헤더 파일</Filter>
    </ClInclude>
    <ClInclude Include="Information.h">
      <Filter>헤더 파일</Filter>
    </ClInclude>
    <ClInclude Include="sInterfaceFilePath.h">
      <Filter>헤더 파일</Filter>
    </ClInclude>
    <ClInclude Include="ImportFileVersion.h">
      <Filter>헤더 파일</Filter>
    </ClInclude>
    <ClInclude Include="GateNo.h">
      <Filter>헤더 파일</Filter>
    </ClInclude>
    <ClInclude Include="Frequency.h">
      <Filter>헤더 파일</Filter>
    </ClInclude>
    <ClInclude Include="FlexibleAreas.h">
      <Filter>헤더 파일</Filter>
    </ClInclude>
    <ClInclude Include="FlexibleArea.h">
      <Filter>헤더 파일</Filter>
    </ClInclude>
    <ClInclude Include="FilePath.h">
      <Filter>헤더 파일</Filter>
    </ClInclude>
    <ClInclude Include="DrawingArea.h">
      <Filter>헤더 파일</Filter>
    </ClInclude>
    <ClInclude Include="DiffPair.h">
      <Filter>헤더 파일</Filter>
    </ClInclude>
    <ClInclude Include="Date.h">
      <Filter>헤더 파일</Filter>
    </ClInclude>
    <ClInclude Include="Alu.h">
      <Filter>헤더 파일</Filter>
    </ClInclude>
    <ClInclude Include="Comment.h">
      <Filter>헤더 파일</Filter>
    </ClInclude>
    <ClInclude Include="Color.h">
      <Filter>헤더 파일</Filter>
    </ClInclude>
    <ClInclude Include="Author.h">
      <Filter>헤더 파일</Filter>
    </ClInclude>
    <ClInclude Include="Comp.h">
      <Filter>헤더 파일</Filter>
    </ClInclude>
    <ClInclude Include="Circle.h">
      <Filter>헤더 파일</Filter>
    </ClInclude>
    <ClInclude Include="Arc.h">
      <Filter>헤더 파일</Filter>
    </ClInclude>
    <ClInclude Include="LibPenType.h">
      <Filter>헤더 파일</Filter>
    </ClInclude>
    <ClInclude Include="NetClass.h">
      <Filter>헤더 파일</Filter>
    </ClInclude>
    <ClInclude Include="RigidFlexiblePcb.h">
      <Filter>헤더 파일</Filter>
    </ClInclude>
    <ClInclude Include="Wing.h">
      <Filter>헤더 파일</Filter>
    </ClInclude>
  </ItemGroup>
  <ItemGroup>
    <ClCompile Include="MFCGUIDrawing.cpp">
      <Filter>소스 파일</Filter>
    </ClCompile>
    <ClCompile Include="stdafx.cpp">
      <Filter>소스 파일</Filter>
    </ClCompile>
    <ClCompile Include="MainFrm.cpp">
      <Filter>소스 파일</Filter>
    </ClCompile>
    <ClCompile Include="MFCGUIDrawingDoc.cpp">
      <Filter>소스 파일</Filter>
    </ClCompile>
    <ClCompile Include="MFCGUIDrawingView.cpp">
      <Filter>소스 파일</Filter>
    </ClCompile>
    <ClCompile Include="PropertiesWnd.cpp">
      <Filter>소스 파일</Filter>
    </ClCompile>
    <ClCompile Include="ReferenceList.cpp">
      <Filter>소스 파일</Filter>
    </ClCompile>
    <ClCompile Include="PadColor.cpp">
      <Filter>소스 파일</Filter>
    </ClCompile>
    <ClCompile Include="RNET.cpp">
      <Filter>소스 파일</Filter>
    </ClCompile>
    <ClCompile Include="Polygon.cpp">
      <Filter>소스 파일</Filter>
    </ClCompile>
    <ClCompile Include="Polyline.cpp">
      <Filter>소스 파일</Filter>
    </ClCompile>
    <ClCompile Include="Pdb.cpp">
      <Filter>소스 파일</Filter>
    </ClCompile>
    <ClCompile Include="BoardFigure.cpp">
      <Filter>소스 파일</Filter>
    </ClCompile>
    <ClCompile Include="Board.cpp">
      <Filter>소스 파일</Filter>
    </ClCompile>
    <ClCompile Include="StackUp.cpp">
      <Filter>소스 파일</Filter>
    </ClCompile>
    <ClCompile Include="Void.cpp">
      <Filter>소스 파일</Filter>
    </ClCompile>
    <ClCompile Include="ViaDefinition.cpp">
      <Filter>소스 파일</Filter>
    </ClCompile>
    <ClCompile Include="Tur.cpp">
      <Filter>소스 파일</Filter>
    </ClCompile>
    <ClCompile Include="Teardrop.cpp">
      <Filter>소스 파일</Filter>
    </ClCompile>
    <ClCompile Include="Subboard.cpp">
      <Filter>소스 파일</Filter>
    </ClCompile>
    <ClCompile Include="Route.cpp">
      <Filter>소스 파일</Filter>
    </ClCompile>
    <ClCompile Include="RefText2.cpp">
      <Filter>소스 파일</Filter>
    </ClCompile>
    <ClCompile Include="Propertys.cpp">
      <Filter>소스 파일</Filter>
    </ClCompile>
    <ClCompile Include="Ref.cpp">
      <Filter>소스 파일</Filter>
    </ClCompile>
    <ClCompile Include="PinDefinition.cpp">
      <Filter>소스 파일</Filter>
    </ClCompile>
    <ClCompile Include="PinConnectionStatus.cpp">
      <Filter>소스 파일</Filter>
    </ClCompile>
    <ClCompile Include="PinConnection.cpp">
      <Filter>소스 파일</Filter>
    </ClCompile>
    <ClCompile Include="Part.cpp">
      <Filter>소스 파일</Filter>
    </ClCompile>
    <ClCompile Include="Panel.cpp">
      <Filter>소스 파일</Filter>
    </ClCompile>
    <ClCompile Include="PadStack.cpp">
      <Filter>소스 파일</Filter>
    </ClCompile>
    <ClCompile Include="PadDefinition.cpp">
      <Filter>소스 파일</Filter>
    </ClCompile>
    <ClCompile Include="NetRef.cpp">
      <Filter>소스 파일</Filter>
    </ClCompile>
    <ClCompile Include="NetListRefdesList.cpp">
      <Filter>소스 파일</Filter>
    </ClCompile>
    <ClCompile Include="NetListNet.cpp">
      <Filter>소스 파일</Filter>
    </ClCompile>
    <ClCompile Include="NetListElectricConstraints.cpp">
      <Filter>소스 파일</Filter>
    </ClCompile>
    <ClCompile Include="NetList.cpp">
      <Filter>소스 파일</Filter>
    </ClCompile>
    <ClCompile Include="NetIndex.cpp">
      <Filter>소스 파일</Filter>
    </ClCompile>
    <ClCompile Include="NetClassList.cpp">
      <Filter>소스 파일</Filter>
    </ClCompile>
    <ClCompile Include="NetBusGroupList.cpp">
      <Filter>소스 파일</Filter>
    </ClCompile>
    <ClCompile Include="NetBusGroup.cpp">
      <Filter>소스 파일</Filter>
    </ClCompile>
    <ClCompile Include="naStrobedNetIndex.cpp">
      <Filter>소스 파일</Filter>
    </ClCompile>
    <ClCompile Include="LocalShape.cpp">
      <Filter>소스 파일</Filter>
    </ClCompile>
    <ClCompile Include="LibVia.cpp">
      <Filter>소스 파일</Filter>
    </ClCompile>
    <ClCompile Include="LibTurret.cpp">
      <Filter>소스 파일</Filter>
    </ClCompile>
    <ClCompile Include="LibTextText.cpp">
      <Filter>소스 파일</Filter>
    </ClCompile>
    <ClCompile Include="LibText.cpp">
      <Filter>소스 파일</Filter>
    </ClCompile>
    <ClCompile Include="LibPadStack.cpp">
      <Filter>소스 파일</Filter>
    </ClCompile>
    <ClCompile Include="LibMaterial.cpp">
      <Filter>소스 파일</Filter>
    </ClCompile>
    <ClCompile Include="LibLayer.cpp">
      <Filter>소스 파일</Filter>
    </ClCompile>
    <ClCompile Include="LibComponent.cpp">
      <Filter>소스 파일</Filter>
    </ClCompile>
    <ClCompile Include="ConnectionType.cpp">
      <Filter>소스 파일</Filter>
    </ClCompile>
    <ClCompile Include="LayerTypeName.cpp">
      <Filter>소스 파일</Filter>
    </ClCompile>
    <ClCompile Include="Lay.cpp">
      <Filter>소스 파일</Filter>
    </ClCompile>
    <ClCompile Include="GLayer.cpp">
      <Filter>소스 파일</Filter>
    </ClCompile>
    <ClCompile Include="Gerber.cpp">
      <Filter>소스 파일</Filter>
    </ClCompile>
    <ClCompile Include="DrawObj.cpp">
      <Filter>소스 파일</Filter>
    </ClCompile>
    <ClCompile Include="Dimension.cpp">
      <Filter>소스 파일</Filter>
    </ClCompile>
    <ClCompile Include="Copper.cpp">
      <Filter>소스 파일</Filter>
    </ClCompile>
    <ClCompile Include="CompositeNet.cpp">
      <Filter>소스 파일</Filter>
    </ClCompile>
    <ClCompile Include="ConnectInfo.cpp">
      <Filter>소스 파일</Filter>
    </ClCompile>
    <ClCompile Include="CompositeNetCNet.cpp">
      <Filter>소스 파일</Filter>
    </ClCompile>
    <ClCompile Include="BoardOutline.cpp">
      <Filter>소스 파일</Filter>
    </ClCompile>
    <ClCompile Include="Arc.cpp">
      <Filter>소스 파일</Filter>
    </ClCompile>
    <ClCompile Include="Line.cpp">
      <Filter>소스 파일</Filter>
    </ClCompile>
    <ClCompile Include="Wing.cpp">
      <Filter>소스 파일</Filter>
    </ClCompile>
    <ClCompile Include="Via.cpp">
      <Filter>소스 파일</Filter>
    </ClCompile>
    <ClCompile Include="Unitscale.cpp">
      <Filter>소스 파일</Filter>
    </ClCompile>
    <ClCompile Include="Unit.cpp">
      <Filter>소스 파일</Filter>
    </ClCompile>
    <ClCompile Include="Text.cpp">
      <Filter>소스 파일</Filter>
    </ClCompile>
    <ClCompile Include="SymbolDefinition.cpp">
      <Filter>소스 파일</Filter>
    </ClCompile>
    <ClCompile Include="sInterfaceFilePath.cpp">
      <Filter>소스 파일</Filter>
    </ClCompile>
    <ClCompile Include="SilkScreenDefinition.cpp">
      <Filter>소스 파일</Filter>
    </ClCompile>
    <ClCompile Include="RigidFlexiblePcb.cpp">
      <Filter>소스 파일</Filter>
    </ClCompile>
    <ClCompile Include="RefText.cpp">
      <Filter>소스 파일</Filter>
    </ClCompile>
    <ClCompile Include="Pt.cpp">
      <Filter>소스 파일</Filter>
    </ClCompile>
    <ClCompile Include="PolliwogDatabase.cpp">
      <Filter>소스 파일</Filter>
    </ClCompile>
    <ClCompile Include="PinNumber.cpp">
      <Filter>소스 파일</Filter>
    </ClCompile>
    <ClCompile Include="PenType.cpp">
      <Filter>소스 파일</Filter>
    </ClCompile>
    <ClCompile Include="NetType.cpp">
      <Filter>소스 파일</Filter>
    </ClCompile>
    <ClCompile Include="NetStatus.cpp">
      <Filter>소스 파일</Filter>
    </ClCompile>
    <ClCompile Include="NetElectricConstraints.cpp">
      <Filter>소스 파일</Filter>
    </ClCompile>
    <ClCompile Include="NetClass.cpp">
      <Filter>소스 파일</Filter>
    </ClCompile>
    <ClCompile Include="NameDefinition.cpp">
      <Filter>소스 파일</Filter>
    </ClCompile>
    <ClCompile Include="MPNNameDefinition.cpp">
      <Filter>소스 파일</Filter>
    </ClCompile>
    <ClCompile Include="Material.cpp">
      <Filter>소스 파일</Filter>
    </ClCompile>
    <ClCompile Include="LibRaryPartPath.cpp">
      <Filter>소스 파일</Filter>
    </ClCompile>
    <ClCompile Include="LibPenType.cpp">
      <Filter>소스 파일</Filter>
    </ClCompile>
    <ClCompile Include="LayerUnion.cpp">
      <Filter>소스 파일</Filter>
    </ClCompile>
    <ClCompile Include="Information.cpp">
      <Filter>소스 파일</Filter>
    </ClCompile>
    <ClCompile Include="ImportFileVersion.cpp">
      <Filter>소스 파일</Filter>
    </ClCompile>
    <ClCompile Include="GateNo.cpp">
      <Filter>소스 파일</Filter>
    </ClCompile>
    <ClCompile Include="Frequency.cpp">
      <Filter>소스 파일</Filter>
    </ClCompile>
    <ClCompile Include="FlexibleAreas.cpp">
      <Filter>소스 파일</Filter>
    </ClCompile>
    <ClCompile Include="FlexibleArea.cpp">
      <Filter>소스 파일</Filter>
    </ClCompile>
    <ClCompile Include="FilePath.cpp">
      <Filter>소스 파일</Filter>
    </ClCompile>
    <ClCompile Include="FigureDefinition.cpp">
      <Filter>소스 파일</Filter>
    </ClCompile>
    <ClCompile Include="DrawingArea.cpp">
      <Filter>소스 파일</Filter>
    </ClCompile>
    <ClCompile Include="DiffPair.cpp">
      <Filter>소스 파일</Filter>
    </ClCompile>
    <ClCompile Include="Date.cpp">
      <Filter>소스 파일</Filter>
    </ClCompile>
    <ClCompile Include="Comp.cpp">
      <Filter>소스 파일</Filter>
    </ClCompile>
    <ClCompile Include="Comment.cpp">
      <Filter>소스 파일</Filter>
    </ClCompile>
    <ClCompile Include="Color.cpp">
      <Filter>소스 파일</Filter>
    </ClCompile>
    <ClCompile Include="Circle.cpp">
      <Filter>소스 파일</Filter>
    </ClCompile>
    <ClCompile Include="Author.cpp">
      <Filter>소스 파일</Filter>
    </ClCompile>
    <ClCompile Include="Alu.cpp">
      <Filter>소스 파일</Filter>
    </ClCompile>
  </ItemGroup>
  <ItemGroup>
    <ResourceCompile Include="MFCGUIDrawing.rc">
      <Filter>리소스 파일</Filter>
    </ResourceCompile>
  </ItemGroup>
  <ItemGroup>
    <Image Include="res\properties_wnd.ico">
      <Filter>리소스 파일</Filter>
    </Image>
    <Image Include="res\properties_wnd_hc.ico">
      <Filter>리소스 파일</Filter>
    </Image>
    <Image Include="res\properties.bmp">
      <Filter>리소스 파일</Filter>
    </Image>
    <Image Include="res\properties_hc.bmp">
      <Filter>리소스 파일</Filter>
    </Image>
    <Image Include="UserImages.bmp">
      <Filter>리소스 파일</Filter>
    </Image>
    <Image Include="res\MFCGUIDrawingDoc.ico">
      <Filter>리소스 파일</Filter>
    </Image>
    <Image Include="res\MFCGUIDrawing.ico">
      <Filter>리소스 파일</Filter>
    </Image>
    <Image Include="res\Toolbar.bmp">
      <Filter>리소스 파일</Filter>
    </Image>
    <Image Include="res\Toolbar256.bmp">
      <Filter>리소스 파일</Filter>
    </Image>
  </ItemGroup>
  <ItemGroup>
    <None Include="res\MFCGUIDrawing.rc2">
      <Filter>리소스 파일</Filter>
    </None>
  </ItemGroup>
</Project>